
Microsoft Visual Studio Solution File, Format Version 12.00
# Visual Studio Version 17
VisualStudioVersion = 17.9.34714.143
MinimumVisualStudioVersion = 10.0.40219.1
Project("{FAE04EC0-301F-11D3-BF4B-00C04F79EFBC}") = "HelloDeploy", "HelloDeploy\HelloDeploy.csproj", "{4198320F-2F6A-4708-83A6-1A6963475B76}"
EndProject
Global
	GlobalSection(SolutionConfigurationPlatforms) = preSolution
		Debug|Any CPU = Debug|Any CPU
		Release|Any CPU = Release|Any CPU
		Staging|Any CPU = Staging|Any CPU
	EndGlobalSection
	GlobalSection(ProjectConfigurationPlatforms) = postSolution
		{4198320F-2F6A-4708-83A6-1A6963475B76}.Debug|Any CPU.ActiveCfg = Debug|Any CPU
		{4198320F-2F6A-4708-83A6-1A6963475B76}.Debug|Any CPU.Build.0 = Debug|Any CPU
		{4198320F-2F6A-4708-83A6-1A6963475B76}.Release|Any CPU.ActiveCfg = Release|Any CPU
		{4198320F-2F6A-4708-83A6-1A6963475B76}.Release|Any CPU.Build.0 = Release|Any CPU
		{4198320F-2F6A-4708-83A6-1A6963475B76}.Staging|Any CPU.ActiveCfg = Staging|Any CPU
		{4198320F-2F6A-4708-83A6-1A6963475B76}.Staging|Any CPU.Build.0 = Staging|Any CPU
	EndGlobalSection
	GlobalSection(SolutionProperties) = preSolution
		HideSolutionNode = FALSE
	EndGlobalSection
	GlobalSection(ExtensibilityGlobals) = postSolution
		SolutionGuid = {55DC6A84-70B3-4EED-89DF-B5A15264C20C}
	EndGlobalSection
EndGlobal
